
Microsoft Visual Studio Solution File, Format Version 12.00
# Visual Studio Version 17
VisualStudioVersion = 17.11.35327.3
MinimumVisualStudioVersion = 10.0.40219.1
Project("{FAE04EC0-301F-11D3-BF4B-00C04F79EFBC}") = "WebApplication1", "WebApplication1.csproj", "{DC857A89-F283-4E08-B5CB-A168DB8B3E9D}"
EndProject
Global
	GlobalSection(SolutionConfigurationPlatforms) = preSolution
		Debug|Any CPU = Debug|Any CPU
		Release|Any CPU = Release|Any CPU
	EndGlobalSection
	GlobalSection(ProjectConfigurationPlatforms) = postSolution
		{DC857A89-F283-4E08-B5CB-A168DB8B3E9D}.Debug|Any CPU.ActiveCfg = Debug|Any CPU
		{DC857A89-F283-4E08-B5CB-A168DB8B3E9D}.Debug|Any CPU.Build.0 = Debug|Any CPU
		{DC857A89-F283-4E08-B5CB-A168DB8B3E9D}.Release|Any CPU.ActiveCfg = Release|Any CPU
		{DC857A89-F283-4E08-B5CB-A168DB8B3E9D}.Release|Any CPU.Build.0 = Release|Any CPU
	EndGlobalSection
	GlobalSection(SolutionProperties) = preSolution
		HideSolutionNode = FALSE
	EndGlobalSection
	GlobalSection(ExtensibilityGlobals) = postSolution
		SolutionGuid = {FF1D740D-6AC0-4745-A6F0-0DCD99DF05C1}
	EndGlobalSection
EndGlobal
